PODS:
  - background_downloader (0.0.1):
    - Flutter
  - camera_avfoundation (0.0.1):
    - Flutter
  - disk_space_plus (0.0.1):
    - Flutter
  - Flutter (1.0.0)
  - flutter_gemma (0.13.2):
    - Flutter
    - MediaPipeTasksGenAI (= 0.10.33)
    - MediaPipeTasksGenAIC (= 0.10.33)
    - TensorFlowLiteC (= 0.0.1-nightly.20250619)
    - TensorFlowLiteSelectTfOps (= 0.0.1-nightly.20250619)
    - TensorFlowLiteSwift (= 0.0.1-nightly.20250619)
  - flutter_keyboard_visibility (0.0.1):
    - Flutter
  - flutter_native_splash (2.4.3):
    - Flutter
  - flutter_secure_storage_darwin (10.0.0):
    - Flutter
    - FlutterMacOS
  - google_mlkit_commons (0.9.0):
    - Flutter
    - MLKitVision
  - google_mlkit_text_recognition (0.14.0):
    - Flutter
    - google_mlkit_commons
    - GoogleMLKit/TextRecognition (~> 7.0.0)
  - GoogleDataTransport (10.1.0):
    - nanopb (~> 3.30910.0)
    - PromisesObjC (~> 2.4)
  - GoogleMLKit/BarcodeScanning (7.0.0):
    - GoogleMLKit/MLKitCore
    - MLKitBarcodeScanning (~> 6.0.0)
  - GoogleMLKit/MLKitCore (7.0.0):
    - MLKitCommon (~> 12.0.0)
  - GoogleMLKit/TextRecognition (7.0.0):
    - GoogleMLKit/MLKitCore
    - MLKitTextRecognition (~> 5.0.0)
  - GoogleToolboxForMac/Defines (4.2.1)
  - GoogleToolboxForMac/Logger (4.2.1):
    - GoogleToolboxForMac/Defines (= 4.2.1)
  - "GoogleToolboxForMac/NSData+zlib (4.2.1)":
    - GoogleToolboxForMac/Defines (= 4.2.1)
  - GoogleUtilities/Environment (8.1.0):
    - GoogleUtilities/Privacy
  - GoogleUtilities/Logger (8.1.0):
    - GoogleUtilities/Environment
    - GoogleUtilities/Privacy
  - GoogleUtilities/Privacy (8.1.0)
  - GoogleUtilities/UserDefaults (8.1.0):
    - GoogleUtilities/Logger
    - GoogleUtilities/Privacy
  - GTMSessionFetcher/Core (3.5.0)
  - image_picker_ios (0.0.1):
    - Flutter
  - isar_community_flutter_libs (1.0.0):
    - Flutter
  - large_file_handler (0.0.1):
    - Flutter
  - MediaPipeTasksGenAI (0.10.33):
    - MediaPipeTasksGenAIC (= 0.10.33)
  - MediaPipeTasksGenAIC (0.10.33)
  - MLImage (1.0.0-beta6)
  - MLKitBarcodeScanning (6.0.0):
    - MLKitCommon (~> 12.0)
    - MLKitVision (~> 8.0)
  - MLKitCommon (12.0.0):
    - GoogleDataTransport (~> 10.0)
    - GoogleToolboxForMac/Logger (< 5.0, >= 4.2.1)
    - "GoogleToolboxForMac/NSData+zlib (< 5.0, >= 4.2.1)"
    - GoogleUtilities/Logger (~> 8.0)
    - GoogleUtilities/UserDefaults (~> 8.0)
    - GTMSessionFetcher/Core (< 4.0, >= 3.3.2)
  - MLKitTextRecognition (5.0.0):
    - MLKitCommon (~> 12.0)
    - MLKitTextRecognitionCommon (= 4.0.0)
    - MLKitVision (~> 8.0)
  - MLKitTextRecognitionCommon (4.0.0):
    - MLKitCommon (~> 12.0)
    - MLKitVision (~> 8.0)
  - MLKitVision (8.0.0):
    - GoogleToolboxForMac/Logger (< 5.0, >= 4.2.1)
    - "GoogleToolboxForMac/NSData+zlib (< 5.0, >= 4.2.1)"
    - GTMSessionFetcher/Core (< 4.0, >= 3.3.2)
    - MLImage (= 1.0.0-beta6)
    - MLKitCommon (~> 12.0)
  - mobile_scanner (6.0.2):
    - Flutter
    - GoogleMLKit/BarcodeScanning (~> 7.0.0)
  - nanopb (3.30910.0):
    - nanopb/decode (= 3.30910.0)
    - nanopb/encode (= 3.30910.0)
  - nanopb/decode (3.30910.0)
  - nanopb/encode (3.30910.0)
  - permission_handler_apple (9.3.0):
    - Flutter
  - PromisesObjC (2.4.0)
  - shared_preferences_foundation (0.0.1):
    - Flutter
    - FlutterMacOS
  - sqflite_darwin (0.0.4):
    - Flutter
    - FlutterMacOS
  - system_info_plus (0.0.1):
    - Flutter
  - TensorFlowLiteC (0.0.1-nightly.20250619):
    - TensorFlowLiteC/Core (= 0.0.1-nightly.20250619)
  - TensorFlowLiteC/Core (0.0.1-nightly.20250619)
  - TensorFlowLiteC/CoreML (0.0.1-nightly.20250619):
    - TensorFlowLiteC/Core
  - TensorFlowLiteC/Metal (0.0.1-nightly.20250619):
    - TensorFlowLiteC/Core
  - TensorFlowLiteSelectTfOps (0.0.1-nightly.20250619)
  - TensorFlowLiteSwift (0.0.1-nightly.20250619):
    - TensorFlowLiteSwift/Core (= 0.0.1-nightly.20250619)
  - TensorFlowLiteSwift/Core (0.0.1-nightly.20250619):
    - TensorFlowLiteC (= 0.0.1-nightly.20250619)
    - TensorFlowLiteSwift/Privacy (= 0.0.1-nightly.20250619)
  - TensorFlowLiteSwift/CoreML (0.0.1-nightly.20250619):
    - TensorFlowLiteC/CoreML (= 0.0.1-nightly.20250619)
    - TensorFlowLiteSwift/Core (= 0.0.1-nightly.20250619)
    - TensorFlowLiteSwift/Privacy (= 0.0.1-nightly.20250619)
  - TensorFlowLiteSwift/Metal (0.0.1-nightly.20250619):
    - TensorFlowLiteC/Metal (= 0.0.1-nightly.20250619)
    - TensorFlowLiteSwift/Core (= 0.0.1-nightly.20250619)
    - TensorFlowLiteSwift/Privacy (= 0.0.1-nightly.20250619)
  - TensorFlowLiteSwift/Privacy (0.0.1-nightly.20250619)
  - tflite_flutter (0.0.1):
    - Flutter
    - TensorFlowLiteSwift (= 0.0.1-nightly.20250619)
    - TensorFlowLiteSwift/CoreML (= 0.0.1-nightly.20250619)
    - TensorFlowLiteSwift/Metal (= 0.0.1-nightly.20250619)

DEPENDENCIES:
  - background_downloader (from `.symlinks/plugins/background_downloader/ios`)
  - camera_avfoundation (from `.symlinks/plugins/camera_avfoundation/ios`)
  - disk_space_plus (from `.symlinks/plugins/disk_space_plus/ios`)
  - Flutter (from `Flutter`)
  - flutter_gemma (from `.symlinks/plugins/flutter_gemma/ios`)
  - flutter_keyboard_visibility (from `.symlinks/plugins/flutter_keyboard_visibility/ios`)
  - flutter_native_splash (from `.symlinks/plugins/flutter_native_splash/ios`)
  - flutter_secure_storage_darwin (from `.symlinks/plugins/flutter_secure_storage_darwin/darwin`)
  - google_mlkit_commons (from `.symlinks/plugins/google_mlkit_commons/ios`)
  - google_mlkit_text_recognition (from `.symlinks/plugins/google_mlkit_text_recognition/ios`)
  - image_picker_ios (from `.symlinks/plugins/image_picker_ios/ios`)
  - isar_community_flutter_libs (from `.symlinks/plugins/isar_community_flutter_libs/ios`)
  - large_file_handler (from `.symlinks/plugins/large_file_handler/ios`)
  - mobile_scanner (from `.symlinks/plugins/mobile_scanner/ios`)
  - permission_handler_apple (from `.symlinks/plugins/permission_handler_apple/ios`)
  - shared_preferences_foundation (from `.symlinks/plugins/shared_preferences_foundation/darwin`)
  - sqflite_darwin (from `.symlinks/plugins/sqflite_darwin/darwin`)
  - system_info_plus (from `.symlinks/plugins/system_info_plus/ios`)
  - tflite_flutter (from `.symlinks/plugins/tflite_flutter/ios`)

SPEC REPOS:
  trunk:
    - GoogleDataTransport
    - GoogleMLKit
    - GoogleToolboxForMac
    - GoogleUtilities
    - GTMSessionFetcher
    - MediaPipeTasksGenAI
    - MediaPipeTasksGenAIC
    - MLImage
    - MLKitBarcodeScanning
    - MLKitCommon
    - MLKitTextRecognition
    - MLKitTextRecognitionCommon
    - MLKitVision
    - nanopb
    - PromisesObjC
    - TensorFlowLiteC
    - TensorFlowLiteSelectTfOps
    - TensorFlowLiteSwift

EXTERNAL SOURCES:
  background_downloader:
    :path: ".symlinks/plugins/background_downloader/ios"
  camera_avfoundation:
    :path: ".symlinks/plugins/camera_avfoundation/ios"
  disk_space_plus:
    :path: ".symlinks/plugins/disk_space_plus/ios"
  Flutter:
    :path: Flutter
  flutter_gemma:
    :path: ".symlinks/plugins/flutter_gemma/ios"
  flutter_keyboard_visibility:
    :path: ".symlinks/plugins/flutter_keyboard_visibility/ios"
  flutter_native_splash:
    :path: ".symlinks/plugins/flutter_native_splash/ios"
  flutter_secure_storage_darwin:
    :path: ".symlinks/plugins/flutter_secure_storage_darwin/darwin"
  google_mlkit_commons:
    :path: ".symlinks/plugins/google_mlkit_commons/ios"
  google_mlkit_text_recognition:
    :path: ".symlinks/plugins/google_mlkit_text_recognition/ios"
  image_picker_ios:
    :path: ".symlinks/plugins/image_picker_ios/ios"
  isar_community_flutter_libs:
    :path: ".symlinks/plugins/isar_community_flutter_libs/ios"
  large_file_handler:
    :path: ".symlinks/plugins/large_file_handler/ios"
  mobile_scanner:
    :path: ".symlinks/plugins/mobile_scanner/ios"
  permission_handler_apple:
    :path: ".symlinks/plugins/permission_handler_apple/ios"
  shared_preferences_foundation:
    :path: ".symlinks/plugins/shared_preferences_foundation/darwin"
  sqflite_darwin:
    :path: ".symlinks/plugins/sqflite_darwin/darwin"
  system_info_plus:
    :path: ".symlinks/plugins/system_info_plus/ios"
  tflite_flutter:
    :path: ".symlinks/plugins/tflite_flutter/ios"

SPEC CHECKSUMS:
  background_downloader: 50e91d979067b82081aba359d7d916b3ba5fadad
  camera_avfoundation: 5675ca25298b6f81fa0a325188e7df62cc217741
  disk_space_plus: a36391fb5f732dbdd29628b0bac5a1acbd43aaef
  Flutter: cabc95a1d2626b1b06e7179b784ebcf0c0cde467
  flutter_gemma: 549d359b171922b98406d8e24571609268501e4c
  flutter_keyboard_visibility: 4625131e43015dbbe759d9b20daaf77e0e3f6619
  flutter_native_splash: c32d145d68aeda5502d5f543ee38c192065986cf
  flutter_secure_storage_darwin: acdb3f316ed05a3e68f856e0353b133eec373a23
  google_mlkit_commons: 92c769cc2e0a2bfdeb3c38091a36e8a9cc8c63d4
  google_mlkit_text_recognition: d70cc1ed5064db39fce44d77b2c5449adc39a13d
  GoogleDataTransport: aae35b7ea0c09004c3797d53c8c41f66f219d6a7
  GoogleMLKit: eff9e23ec1d90ea4157a1ee2e32a4f610c5b3318
  GoogleToolboxForMac: d1a2cbf009c453f4d6ded37c105e2f67a32206d8
  GoogleUtilities: 00c88b9a86066ef77f0da2fab05f65d7768ed8e1
  GTMSessionFetcher: 5aea5ba6bd522a239e236100971f10cb71b96ab6
  image_picker_ios: e0ece4aa2a75771a7de3fa735d26d90817041326
  isar_community_flutter_libs: bede843185a61a05ff364a05c9b23209523f7e0d
  large_file_handler: b37481e9b4972562ffcdc8f75700f47cd592bcec
  MediaPipeTasksGenAI: 8eed8e6d03fe26d30c4205cb5295ec7b394432ad
  MediaPipeTasksGenAIC: cb098ecea44e248efe8fe7e2f62b4cb0df781802
  MLImage: 0ad1c5f50edd027672d8b26b0fee78a8b4a0fc56
  MLKitBarcodeScanning: 0a3064da0a7f49ac24ceb3cb46a5bc67496facd2
  MLKitCommon: 07c2c33ae5640e5380beaaa6e4b9c249a205542d
  MLKitTextRecognition: 3b41f3ff084a79afb214408d25d2068d77ab322c
  MLKitTextRecognitionCommon: cd44577a8c506fc6bba065096de03bec0d01a213
  MLKitVision: 45e79d68845a2de77e2dd4d7f07947f0ed157b0e
  mobile_scanner: af8f71879eaba2bbcb4d86c6a462c3c0e7f23036
  nanopb: fad817b59e0457d11a5dfbde799381cd727c1275
  permission_handler_apple: 4ed2196e43d0651e8ff7ca3483a069d469701f2d
  PromisesObjC: f5707f49cb48b9636751c5b2e7d227e43fba9f47
  shared_preferences_foundation: 7036424c3d8ec98dfe75ff1667cb0cd531ec82bb
  sqflite_darwin: 20b2a3a3b70e43edae938624ce550a3cbf66a3d0
  system_info_plus: 555ce7047fbbf29154726db942ae785c29211740
  TensorFlowLiteC: 215ef57653dd0fa09a474e7d94d79ae64a870b28
  TensorFlowLiteSelectTfOps: c71d7dcd063f5d66ae1b9a85cc5aa993f824eff9
  TensorFlowLiteSwift: 6de8da348de331778167a0f751ad74c41d8b0554
  tflite_flutter: e54497305d0540871379c412e52ef04ae5244e51

PODFILE CHECKSUM: b2bbde6c2ee5a90492b0e4afd5b254b27d965e85

COCOAPODS: 1.16.2
